
Microsoft Visual Studio Solution File, Format Version 12.00
# Visual Studio Version 17
VisualStudioVersion = 17.10.34928.147
MinimumVisualStudioVersion = 10.0.40219.1
Project("{2150E333-8FDC-42A3-9474-1A3956D46DE8}") = "src", "src", "{6BBD32DD-1ACE-4BE6-A8D9-5FB77CB22C76}"
EndProject
Project("{2150E333-8FDC-42A3-9474-1A3956D46DE8}") = "Services", "Services", "{7009D0EC-AA86-43A2-B5AF-AF94EA9841A9}"
EndProject
Project("{2150E333-8FDC-42A3-9474-1A3956D46DE8}") = "Restaurantes", "Restaurantes", "{F87CB99B-FF20-4438-8803-3BE331ABAED8}"
EndProject
Project("{9A19103F-16F7-4668-BE54-9A1E7A4F7556}") = "DevEats.API", "src\Services\Restaurantes\DevEats.API\DevEats.API.csproj", "{933494E2-523A-4490-8344-F2AC4503A0A4}"
EndProject
Project("{9A19103F-16F7-4668-BE54-9A1E7A4F7556}") = "DevEats.Application", "src\Services\Restaurantes\DevEats.Application\DevEats.Application.csproj", "{45DF8980-8BA2-45C6-B890-675D9B37B0A3}"
EndProject
Project("{9A19103F-16F7-4668-BE54-9A1E7A4F7556}") = "DevEats.Infrastructure", "src\Services\Restaurantes\DevEats.Infrastructure\DevEats.Infrastructure.csproj", "{EE913ADF-6C1B-40A1-A5F1-F5BEC46563CD}"
EndProject
Project("{9A19103F-16F7-4668-BE54-9A1E7A4F7556}") = "DevEats.Domain", "src\Services\Restaurantes\DevEats.Domain\DevEats.Domain.csproj", "{DB768DA5-150B-4D74-BF2B-A4A0211C411B}"
EndProject
Project("{2150E333-8FDC-42A3-9474-1A3956D46DE8}") = "Pedidos", "Pedidos", "{CE46CDA4-A047-43D3-AB8C-87FB40A6F734}"
EndProject
Project("{9A19103F-16F7-4668-BE54-9A1E7A4F7556}") = "PedidoService.API", "src\Services\Pedidos\PedidoService.API\PedidoService.API.csproj", "{BF4B7AC9-AD2B-42B6-80C1-1C3253C0B340}"
EndProject
Project("{9A19103F-16F7-4668-BE54-9A1E7A4F7556}") = "PedidoService.Application", "src\Services\Pedidos\PedidoService.Application\PedidoService.Application.csproj", "{2F3441E7-3305-43CE-AF5E-F5FBF2A77606}"
EndProject
Project("{9A19103F-16F7-4668-BE54-9A1E7A4F7556}") = "PedidoService.Infrastructure", "src\Services\Pedidos\PedidoService.Infrastructure\PedidoService.Infrastructure.csproj", "{EC57DBE5-3D6B-4617-8377-6340B2DF9093}"
EndProject
Project("{9A19103F-16F7-4668-BE54-9A1E7A4F7556}") = "PedidoService.Domain", "src\Services\Pedidos\PedidoService.Domain\PedidoService.Domain.csproj", "{D9AB67F5-E7A3-412F-AFF9-A9F0323240F6}"
EndProject
Project("{2150E333-8FDC-42A3-9474-1A3956D46DE8}") = "Notificacoes", "Notificacoes", "{0ADE8A32-E666-4AD3-8FC6-927E5C54E374}"
EndProject
Project("{9A19103F-16F7-4668-BE54-9A1E7A4F7556}") = "NotificacaoService.API", "src\Services\Notificacoes\NotificacaoService.API\NotificacaoService.API.csproj", "{0DB61936-FC09-48C8-803F-9DD930DD703D}"
EndProject
Project("{2150E333-8FDC-42A3-9474-1A3956D46DE8}") = "BuildingBlocks", "BuildingBlocks", "{C734720E-605A-44E3-8F00-C5FC100F563C}"
EndProject
Project("{9A19103F-16F7-4668-BE54-9A1E7A4F7556}") = "Shared.Contracts", "src\BuildingBlocks\Shared.Contracts\Shared.Contracts.csproj", "{E5AAD2C1-DDD7-4B27-9F70-177B7EE5D33C}"
EndProject
Project("{2150E333-8FDC-42A3-9474-1A3956D46DE8}") = "Indentidade", "Indentidade", "{53C9B1E9-E258-4C7C-9A07-4A733D7FD936}"
EndProject
Project("{FAE04EC0-301F-11D3-BF4B-00C04F79EFBC}") = "IdentidadeService.API", "src\Services\Identidade\IdentidadeService.API\IdentidadeService.API.csproj", "{E3C0D6DE-E1A2-45CF-87FD-6C4EFEB95DB0}"
EndProject
Project("{FAE04EC0-301F-11D3-BF4B-00C04F79EFBC}") = "IdentidadeService.Application", "src\Services\Identidade\IdentidadeService.Application\IdentidadeService.Application.csproj", "{47B03DA9-655C-4E9A-96C0-FE4345CF6245}"
EndProject
Project("{FAE04EC0-301F-11D3-BF4B-00C04F79EFBC}") = "IdentidadeService.Domain", "src\Services\Identidade\IdentidadeService.Domain\IdentidadeService.Domain.csproj", "{54BF7661-4F0B-4B21-9EB9-8D9B93038617}"
EndProject
Project("{FAE04EC0-301F-11D3-BF4B-00C04F79EFBC}") = "IdentidadeService.Infrastructure", "src\Services\Identidade\IdentidadeService.Infrastructure\IdentidadeService.Infrastructure.csproj", "{79108A75-E213-46CC-BB6B-0C3F580C8688}"
EndProject
Global
	GlobalSection(SolutionConfigurationPlatforms) = preSolution
		Debug|Any CPU = Debug|Any CPU
		Release|Any CPU = Release|Any CPU
	EndGlobalSection
	GlobalSection(ProjectConfigurationPlatforms) = postSolution
		{933494E2-523A-4490-8344-F2AC4503A0A4}.Debug|Any CPU.ActiveCfg = Debug|Any CPU
		{933494E2-523A-4490-8344-F2AC4503A0A4}.Debug|Any CPU.Build.0 = Debug|Any CPU
		{933494E2-523A-4490-8344-F2AC4503A0A4}.Release|Any CPU.ActiveCfg = Release|Any CPU
		{933494E2-523A-4490-8344-F2AC4503A0A4}.Release|Any CPU.Build.0 = Release|Any CPU
		{45DF8980-8BA2-45C6-B890-675D9B37B0A3}.Debug|Any CPU.ActiveCfg = Debug|Any CPU
		{45DF8980-8BA2-45C6-B890-675D9B37B0A3}.Debug|Any CPU.Build.0 = Debug|Any CPU
		{45DF8980-8BA2-45C6-B890-675D9B37B0A3}.Release|Any CPU.ActiveCfg = Release|Any CPU
		{45DF8980-8BA2-45C6-B890-675D9B37B0A3}.Release|Any CPU.Build.0 = Release|Any CPU
		{EE913ADF-6C1B-40A1-A5F1-F5BEC46563CD}.Debug|Any CPU.ActiveCfg = Debug|Any CPU
		{EE913ADF-6C1B-40A1-A5F1-F5BEC46563CD}.Debug|Any CPU.Build.0 = Debug|Any CPU
		{EE913ADF-6C1B-40A1-A5F1-F5BEC46563CD}.Release|Any CPU.ActiveCfg = Release|Any CPU
		{EE913ADF-6C1B-40A1-A5F1-F5BEC46563CD}.Release|Any CPU.Build.0 = Release|Any CPU
		{DB768DA5-150B-4D74-BF2B-A4A0211C411B}.Debug|Any CPU.ActiveCfg = Debug|Any CPU
		{DB768DA5-150B-4D74-BF2B-A4A0211C411B}.Debug|Any CPU.Build.0 = Debug|Any CPU
		{DB768DA5-150B-4D74-BF2B-A4A0211C411B}.Release|Any CPU.ActiveCfg = Release|Any CPU
		{DB768DA5-150B-4D74-BF2B-A4A0211C411B}.Release|Any CPU.Build.0 = Release|Any CPU
		{BF4B7AC9-AD2B-42B6-80C1-1C3253C0B340}.Debug|Any CPU.ActiveCfg = Debug|Any CPU
		{BF4B7AC9-AD2B-42B6-80C1-1C3253C0B340}.Debug|Any CPU.Build.0 = Debug|Any CPU
		{BF4B7AC9-AD2B-42B6-80C1-1C3253C0B340}.Release|Any CPU.ActiveCfg = Release|Any CPU
		{BF4B7AC9-AD2B-42B6-80C1-1C3253C0B340}.Release|Any CPU.Build.0 = Release|Any CPU
		{2F3441E7-3305-43CE-AF5E-F5FBF2A77606}.Debug|Any CPU.ActiveCfg = Debug|Any CPU
		{2F3441E7-3305-43CE-AF5E-F5FBF2A77606}.Debug|Any CPU.Build.0 = Debug|Any CPU
		{2F3441E7-3305-43CE-AF5E-F5FBF2A77606}.Release|Any CPU.ActiveCfg = Release|Any CPU
		{2F3441E7-3305-43CE-AF5E-F5FBF2A77606}.Release|Any CPU.Build.0 = Release|Any CPU
		{EC57DBE5-3D6B-4617-8377-6340B2DF9093}.Debug|Any CPU.ActiveCfg = Debug|Any CPU
		{EC57DBE5-3D6B-4617-8377-6340B2DF9093}.Debug|Any CPU.Build.0 = Debug|Any CPU
		{EC57DBE5-3D6B-4617-8377-6340B2DF9093}.Release|Any CPU.ActiveCfg = Release|Any CPU
		{EC57DBE5-3D6B-4617-8377-6340B2DF9093}.Release|Any CPU.Build.0 = Release|Any CPU
		{D9AB67F5-E7A3-412F-AFF9-A9F0323240F6}.Debug|Any CPU.ActiveCfg = Debug|Any CPU
		{D9AB67F5-E7A3-412F-AFF9-A9F0323240F6}.Debug|Any CPU.Build.0 = Debug|Any CPU
		{D9AB67F5-E7A3-412F-AFF9-A9F0323240F6}.Release|Any CPU.ActiveCfg = Release|Any CPU
		{D9AB67F5-E7A3-412F-AFF9-A9F0323240F6}.Release|Any CPU.Build.0 = Release|Any CPU
		{0DB61936-FC09-48C8-803F-9DD930DD703D}.Debug|Any CPU.ActiveCfg = Debug|Any CPU
		{0DB61936-FC09-48C8-803F-9DD930DD703D}.Debug|Any CPU.Build.0 = Debug|Any CPU
		{0DB61936-FC09-48C8-803F-9DD930DD703D}.Release|Any CPU.ActiveCfg = Release|Any CPU
		{0DB61936-FC09-48C8-803F-9DD930DD703D}.Release|Any CPU.Build.0 = Release|Any CPU
		{E5AAD2C1-DDD7-4B27-9F70-177B7EE5D33C}.Debug|Any CPU.ActiveCfg = Debug|Any CPU
		{E5AAD2C1-DDD7-4B27-9F70-177B7EE5D33C}.Debug|Any CPU.Build.0 = Debug|Any CPU
		{E5AAD2C1-DDD7-4B27-9F70-177B7EE5D33C}.Release|Any CPU.ActiveCfg = Release|Any CPU
		{E5AAD2C1-DDD7-4B27-9F70-177B7EE5D33C}.Release|Any CPU.Build.0 = Release|Any CPU
		{E3C0D6DE-E1A2-45CF-87FD-6C4EFEB95DB0}.Debug|Any CPU.ActiveCfg = Debug|Any CPU
		{E3C0D6DE-E1A2-45CF-87FD-6C4EFEB95DB0}.Debug|Any CPU.Build.0 = Debug|Any CPU
		{E3C0D6DE-E1A2-45CF-87FD-6C4EFEB95DB0}.Release|Any CPU.ActiveCfg = Release|Any CPU
		{E3C0D6DE-E1A2-45CF-87FD-6C4EFEB95DB0}.Release|Any CPU.Build.0 = Release|Any CPU
		{47B03DA9-655C-4E9A-96C0-FE4345CF6245}.Debug|Any CPU.ActiveCfg = Debug|Any CPU
		{47B03DA9-655C-4E9A-96C0-FE4345CF6245}.Debug|Any CPU.Build.0 = Debug|Any CPU
		{47B03DA9-655C-4E9A-96C0-FE4345CF6245}.Release|Any CPU.ActiveCfg = Release|Any CPU
		{47B03DA9-655C-4E9A-96C0-FE4345CF6245}.Release|Any CPU.Build.0 = Release|Any CPU
		{54BF7661-4F0B-4B21-9EB9-8D9B93038617}.Debug|Any CPU.ActiveCfg = Debug|Any CPU
		{54BF7661-4F0B-4B21-9EB9-8D9B93038617}.Debug|Any CPU.Build.0 = Debug|Any CPU
		{54BF7661-4F0B-4B21-9EB9-8D9B93038617}.Release|Any CPU.ActiveCfg = Release|Any CPU
		{54BF7661-4F0B-4B21-9EB9-8D9B93038617}.Release|Any CPU.Build.0 = Release|Any CPU
		{79108A75-E213-46CC-BB6B-0C3F580C8688}.Debug|Any CPU.ActiveCfg = Debug|Any CPU
		{79108A75-E213-46CC-BB6B-0C3F580C8688}.Debug|Any CPU.Build.0 = Debug|Any CPU
		{79108A75-E213-46CC-BB6B-0C3F580C8688}.Release|Any CPU.ActiveCfg = Release|Any CPU
		{79108A75-E213-46CC-BB6B-0C3F580C8688}.Release|Any CPU.Build.0 = Release|Any CPU
	EndGlobalSection
	GlobalSection(SolutionProperties) = preSolution
		HideSolutionNode = FALSE
	EndGlobalSection
	GlobalSection(NestedProjects) = preSolution
		{7009D0EC-AA86-43A2-B5AF-AF94EA9841A9} = {6BBD32DD-1ACE-4BE6-A8D9-5FB77CB22C76}
		{F87CB99B-FF20-4438-8803-3BE331ABAED8} = {7009D0EC-AA86-43A2-B5AF-AF94EA9841A9}
		{933494E2-523A-4490-8344-F2AC4503A0A4} = {F87CB99B-FF20-4438-8803-3BE331ABAED8}
		{45DF8980-8BA2-45C6-B890-675D9B37B0A3} = {F87CB99B-FF20-4438-8803-3BE331ABAED8}
		{EE913ADF-6C1B-40A1-A5F1-F5BEC46563CD} = {F87CB99B-FF20-4438-8803-3BE331ABAED8}
		{DB768DA5-150B-4D74-BF2B-A4A0211C411B} = {F87CB99B-FF20-4438-8803-3BE331ABAED8}
		{CE46CDA4-A047-43D3-AB8C-87FB40A6F734} = {7009D0EC-AA86-43A2-B5AF-AF94EA9841A9}
		{BF4B7AC9-AD2B-42B6-80C1-1C3253C0B340} = {CE46CDA4-A047-43D3-AB8C-87FB40A6F734}
		{2F3441E7-3305-43CE-AF5E-F5FBF2A77606} = {CE46CDA4-A047-43D3-AB8C-87FB40A6F734}
		{EC57DBE5-3D6B-4617-8377-6340B2DF9093} = {CE46CDA4-A047-43D3-AB8C-87FB40A6F734}
		{D9AB67F5-E7A3-412F-AFF9-A9F0323240F6} = {CE46CDA4-A047-43D3-AB8C-87FB40A6F734}
		{0ADE8A32-E666-4AD3-8FC6-927E5C54E374} = {7009D0EC-AA86-43A2-B5AF-AF94EA9841A9}
		{0DB61936-FC09-48C8-803F-9DD930DD703D} = {0ADE8A32-E666-4AD3-8FC6-927E5C54E374}
		{C734720E-605A-44E3-8F00-C5FC100F563C} = {6BBD32DD-1ACE-4BE6-A8D9-5FB77CB22C76}
		{E5AAD2C1-DDD7-4B27-9F70-177B7EE5D33C} = {C734720E-605A-44E3-8F00-C5FC100F563C}
		{53C9B1E9-E258-4C7C-9A07-4A733D7FD936} = {7009D0EC-AA86-43A2-B5AF-AF94EA9841A9}
		{E3C0D6DE-E1A2-45CF-87FD-6C4EFEB95DB0} = {53C9B1E9-E258-4C7C-9A07-4A733D7FD936}
		{47B03DA9-655C-4E9A-96C0-FE4345CF6245} = {53C9B1E9-E258-4C7C-9A07-4A733D7FD936}
		{54BF7661-4F0B-4B21-9EB9-8D9B93038617} = {53C9B1E9-E258-4C7C-9A07-4A733D7FD936}
		{79108A75-E213-46CC-BB6B-0C3F580C8688} = {53C9B1E9-E258-4C7C-9A07-4A733D7FD936}
	EndGlobalSection
	GlobalSection(ExtensibilityGlobals) = postSolution
		SolutionGuid = {10BC5588-1A6C-4768-9230-BCCD698DA0B5}
	EndGlobalSection
EndGlobal
